// !$*UTF8*$!
{
	archiveVersion = 1;
	classes = {
	};
	objectVersion = 46;
	objects = {

/* Begin PBXBuildFile section */
		4F1C5FFC1C8AF03F00902DC8 /* AppDelegate.swift in Sources */ = {isa = PBXBuildFile; fileRef = 4F1C5FFB1C8AF03F00902DC8 /* AppDelegate.swift */; };
		4F1C5FFE1C8AF03F00902DC8 /* ProfileViewController.swift in Sources */ = {isa = PBXBuildFile; fileRef = 4F1C5FFD1C8AF03F00902DC8 /* ProfileViewController.swift */; };
		4F1C60011C8AF03F00902DC8 /* Main.storyboard in Resources */ = {isa = PBXBuildFile; fileRef = 4F1C5FFF1C8AF03F00902DC8 /* Main.storyboard */; };
		4F1C60031C8AF03F00902DC8 /* Assets.xcassets in Resources */ = {isa = PBXBuildFile; fileRef = 4F1C60021C8AF03F00902DC8 /* Assets.xcassets */; };
		4F1C60061C8AF03F00902DC8 /* LaunchScreen.storyboard in Resources */ = {isa = PBXBuildFile; fileRef = 4F1C60041C8AF03F00902DC8 /* LaunchScreen.storyboard */; };
		4F8702961C8DF64C00DDA59F /* Additional.swift in Sources */ = {isa = PBXBuildFile; fileRef = 4F8702951C8DF64C00DDA59F /* Additional.swift */; };
		4FA0CEAB1C8C254B00D1AD59 /* oneStatTableViewCell.swift in Sources */ = {isa = PBXBuildFile; fileRef = 4FA0CEAA1C8C254B00D1AD59 /* oneStatTableViewCell.swift */; };
		4FA0CEB81C8C4D3500D1AD59 /* Ubuntu-Italic.ttf in Resources */ = {isa = PBXBuildFile; fileRef = 4FA0CEAF1C8C4D3500D1AD59 /* Ubuntu-Italic.ttf */; };
		4FA0CEB91C8C4D3500D1AD59 /* Ubuntu-Light.ttf in Resources */ = {isa = PBXBuildFile; fileRef = 4FA0CEB01C8C4D3500D1AD59 /* Ubuntu-Light.ttf */; };
		4FA0CEBA1C8C4D3500D1AD59 /* Ubuntu-LightItalic.ttf in Resources */ = {isa = PBXBuildFile; fileRef = 4FA0CEB11C8C4D3500D1AD59 /* Ubuntu-LightItalic.ttf */; };
		4FA0CEBD1C8C4D3500D1AD59 /* Ubuntu-Regular.ttf in Resources */ = {isa = PBXBuildFile; fileRef = 4FA0CEB41C8C4D3500D1AD59 /* Ubuntu-Regular.ttf */; };
		4FA0CEBE1C8C4D3500D1AD59 /* UFL.txt in Resources */ = {isa = PBXBuildFile; fileRef = 4FA0CEB51C8C4D3500D1AD59 /* UFL.txt */; };
		4FE633E11C8AFF9D004A27E1 /* MasterViewController.swift in Sources */ = {isa = PBXBuildFile; fileRef = 4FE633E01C8AFF9D004A27E1 /* MasterViewController.swift */; };
		4FE633E41C8B022F004A27E1 /* DownloadUserProfile.swift in Sources */ = {isa = PBXBuildFile; fileRef = 4FE633E31C8B022F004A27E1 /* DownloadUserProfile.swift */; };
		4FE633E61C8B0245004A27E1 /* DownloadAdditional.swift in Sources */ = {isa = PBXBuildFile; fileRef = 4FE633E51C8B0244004A27E1 /* DownloadAdditional.swift */; };
		4FE633E81C8B0259004A27E1 /* Network.swift in Sources */ = {isa = PBXBuildFile; fileRef = 4FE633E71C8B0259004A27E1 /* Network.swift */; };
		4FE633EC1C8B02A1004A27E1 /* Player.swift in Sources */ = {isa = PBXBuildFile; fileRef = 4FE633EB1C8B02A1004A27E1 /* Player.swift */; };
		4FE633F01C8B02C4004A27E1 /* Favorites.swift in Sources */ = {isa = PBXBuildFile; fileRef = 4FE633EF1C8B02C4004A27E1 /* Favorites.swift */; };
		4FE633F31C8B032D004A27E1 /* FavoritePlayerTableViewCell.swift in Sources */ = {isa = PBXBuildFile; fileRef = 4FE633F21C8B032D004A27E1 /* FavoritePlayerTableViewCell.swift */; };
/* End PBXBuildFile section */

/* Begin PBXFileReference section */
		4F1C5FF81C8AF03F00902DC8 /* BeeStats.app */ = {isa = PBXFileReference; explicitFileType = wrapper.application; includeInIndex = 0; path = BeeStats.app; sourceTree = BUILT_PRODUCTS_DIR; };
		4F1C5FFB1C8AF03F00902DC8 /* AppDelegate.swift */ = {isa = PBXFileReference; lastKnownFileType = sourcecode.swift; path = AppDelegate.swift; sourceTree = "<group>"; };
		4F1C5FFD1C8AF03F00902DC8 /* ProfileViewController.swift */ = {isa = PBXFileReference; lastKnownFileType = sourcecode.swift; path = ProfileViewController.swift; sourceTree = "<group>"; };
		4F1C60001C8AF03F00902DC8 /* Base */ = {isa = PBXFileReference; lastKnownFileType = file.storyboard; name = Base; path = Base.lproj/Main.storyboard; sourceTree = "<group>"; };
		4F1C60021C8AF03F00902DC8 /* Assets.xcassets */ = {isa = PBXFileReference; lastKnownFileType = folder.assetcatalog; path = Assets.xcassets; sourceTree = "<group>"; };
		4F1C60051C8AF03F00902DC8 /* Base */ = {isa = PBXFileReference; lastKnownFileType = file.storyboard; name = Base; path = Base.lproj/LaunchScreen.storyboard; sourceTree = "<group>"; };
		4F1C60071C8AF03F00902DC8 /* Info.plist */ = {isa = PBXFileReference; lastKnownFileType = text.plist.xml; path = Info.plist; sourceTree = "<group>"; };
		4F8702951C8DF64C00DDA59F /* Additional.swift */ = {isa = PBXFileReference; fileEncoding = 4; lastKnownFileType = sourcecode.swift; path = Additional.swift; sourceTree = "<group>"; };
		4FA0CEAA1C8C254B00D1AD59 /* oneStatTableViewCell.swift */ = {isa = PBXFileReference; fileEncoding = 4; lastKnownFileType = sourcecode.swift; path = oneStatTableViewCell.swift; sourceTree = "<group>"; };
		4FA0CEAF1C8C4D3500D1AD59 /* Ubuntu-Italic.ttf */ = {isa = PBXFileReference; lastKnownFileType = file; path = "Ubuntu-Italic.ttf"; sourceTree = "<group>"; };
		4FA0CEB01C8C4D3500D1AD59 /* Ubuntu-Light.ttf */ = {isa = PBXFileReference; lastKnownFileType = file; path = "Ubuntu-Light.ttf"; sourceTree = "<group>"; };
		4FA0CEB11C8C4D3500D1AD59 /* Ubuntu-LightItalic.ttf */ = {isa = PBXFileReference; lastKnownFileType = file; path = "Ubuntu-LightItalic.ttf"; sourceTree = "<group>"; };
		4FA0CEB41C8C4D3500D1AD59 /* Ubuntu-Regular.ttf */ = {isa = PBXFileReference; lastKnownFileType = file; path = "Ubuntu-Regular.ttf"; sourceTree = "<group>"; };
		4FA0CEB51C8C4D3500D1AD59 /* UFL.txt */ = {isa = PBXFileReference; fileEncoding = 4; lastKnownFileType = text; path = UFL.txt; sourceTree = "<group>"; };
		4FE633E01C8AFF9D004A27E1 /* MasterViewController.swift */ = {isa = PBXFileReference; fileEncoding = 4; lastKnownFileType = sourcecode.swift; path = MasterViewController.swift; sourceTree = "<group>"; };
		4FE633E31C8B022F004A27E1 /* DownloadUserProfile.swift */ = {isa = PBXFileReference; fileEncoding = 4; lastKnownFileType = sourcecode.swift; path = DownloadUserProfile.swift; sourceTree = "<group>"; };
		4FE633E51C8B0244004A27E1 /* DownloadAdditional.swift */ = {isa = PBXFileReference; fileEncoding = 4; lastKnownFileType = sourcecode.swift; path = DownloadAdditional.swift; sourceTree = "<group>"; };
		4FE633E71C8B0259004A27E1 /* Network.swift */ = {isa = PBXFileReference; fileEncoding = 4; lastKnownFileType = sourcecode.swift; path = Network.swift; sourceTree = "<group>"; };
		4FE633EB1C8B02A1004A27E1 /* Player.swift */ = {isa = PBXFileReference; fileEncoding = 4; lastKnownFileType = sourcecode.swift; path = Player.swift; sourceTree = "<group>"; };
		4FE633EF1C8B02C4004A27E1 /* Favorites.swift */ = {isa = PBXFileReference; fileEncoding = 4; lastKnownFileType = sourcecode.swift; path = Favorites.swift; sourceTree = "<group>"; };
		4FE633F21C8B032D004A27E1 /* FavoritePlayerTableViewCell.swift */ = {isa = PBXFileReference; fileEncoding = 4; lastKnownFileType = sourcecode.swift; path = FavoritePlayerTableViewCell.swift; sourceTree = "<group>"; };
/* End PBXFileReference section */

/* Begin PBXFrameworksBuildPhase section */
		4F1C5FF51C8AF03F00902DC8 /* Frameworks */ = {
			isa = PBXFrameworksBuildPhase;
			buildActionMask = 2147483647;
			files = (
			);
			runOnlyForDeploymentPostprocessing = 0;
		};
/* End PBXFrameworksBuildPhase section */

/* Begin PBXGroup section */
		4F1C5FEF1C8AF03F00902DC8 = {
			isa = PBXGroup;
			children = (
				4F1C5FFA1C8AF03F00902DC8 /* BeeStats */,
				4F1C5FF91C8AF03F00902DC8 /* Products */,
			);
			sourceTree = "<group>";
		};
		4F1C5FF91C8AF03F00902DC8 /* Products */ = {
			isa = PBXGroup;
			children = (
				4F1C5FF81C8AF03F00902DC8 /* BeeStats.app */,
			);
			name = Products;
			sourceTree = "<group>";
		};
		4F1C5FFA1C8AF03F00902DC8 /* BeeStats */ = {
			isa = PBXGroup;
			children = (
				4FA0CEAC1C8C4D3400D1AD59 /* Ubuntu */,
				4F1C5FFB1C8AF03F00902DC8 /* AppDelegate.swift */,
				4FE633EF1C8B02C4004A27E1 /* Favorites.swift */,
				4FE633F11C8B02E9004A27E1 /* TableViewCells */,
				4FE633EA1C8B0283004A27E1 /* Models */,
				4FE633E91C8B0268004A27E1 /* Controller */,
				4FE633E21C8B0210004A27E1 /* NetworkAndParsing */,
				4F1C5FFF1C8AF03F00902DC8 /* Main.storyboard */,
				4F1C60021C8AF03F00902DC8 /* Assets.xcassets */,
				4F1C60041C8AF03F00902DC8 /* LaunchScreen.storyboard */,
				4F1C60071C8AF03F00902DC8 /* Info.plist */,
			);
			path = BeeStats;
			sourceTree = "<group>";
		};
		4FA0CEAC1C8C4D3400D1AD59 /* Ubuntu */ = {
			isa = PBXGroup;
			children = (
				4FA0CEAF1C8C4D3500D1AD59 /* Ubuntu-Italic.ttf */,
				4FA0CEB01C8C4D3500D1AD59 /* Ubuntu-Light.ttf */,
				4FA0CEB11C8C4D3500D1AD59 /* Ubuntu-LightItalic.ttf */,
				4FA0CEB41C8C4D3500D1AD59 /* Ubuntu-Regular.ttf */,
				4FA0CEB51C8C4D3500D1AD59 /* UFL.txt */,
			);
			path = Ubuntu;
			sourceTree = "<group>";
		};
		4FE633E21C8B0210004A27E1 /* NetworkAndParsing */ = {
			isa = PBXGroup;
			children = (
				4FE633E31C8B022F004A27E1 /* DownloadUserProfile.swift */,
				4FE633E51C8B0244004A27E1 /* DownloadAdditional.swift */,
				4FE633E71C8B0259004A27E1 /* Network.swift */,
			);
			name = NetworkAndParsing;
			sourceTree = "<group>";
		};
		4FE633E91C8B0268004A27E1 /* Controller */ = {
			isa = PBXGroup;
			children = (
				4FE633E01C8AFF9D004A27E1 /* MasterViewController.swift */,
				4F1C5FFD1C8AF03F00902DC8 /* ProfileViewController.swift */,
			);
			name = Controller;
			sourceTree = "<group>";
		};
		4FE633EA1C8B0283004A27E1 /* Models */ = {
			isa = PBXGroup;
			children = (
				4FE633EB1C8B02A1004A27E1 /* Player.swift */,
				4F8702951C8DF64C00DDA59F /* Additional.swift */,
			);
			name = Models;
			sourceTree = "<group>";
		};
		4FE633F11C8B02E9004A27E1 /* TableViewCells */ = {
			isa = PBXGroup;
			children = (
				4FE633F21C8B032D004A27E1 /* FavoritePlayerTableViewCell.swift */,
				4FA0CEAA1C8C254B00D1AD59 /* oneStatTableViewCell.swift */,
			);
			name = TableViewCells;
			sourceTree = "<group>";
		};
/* End PBXGroup section */

/* Begin PBXNativeTarget section */
		4F1C5FF71C8AF03F00902DC8 /* BeeStats */ = {
			isa = PBXNativeTarget;
			buildConfigurationList = 4F1C600A1C8AF03F00902DC8 /* Build configuration list for PBXNativeTarget "BeeStats" */;
			buildPhases = (
				4F1C5FF41C8AF03F00902DC8 /* Sources */,
				4F1C5FF51C8AF03F00902DC8 /* Frameworks */,
				4F1C5FF61C8AF03F00902DC8 /* Resources */,
			);
			buildRules = (
			);
			dependencies = (
			);
			name = BeeStats;
			productName = BeeStats;
			productReference = 4F1C5FF81C8AF03F00902DC8 /* BeeStats.app */;
			productType = "com.apple.product-type.application";
		};
/* End PBXNativeTarget section */

/* Begin PBXProject section */
		4F1C5FF01C8AF03F00902DC8 /* Project object */ = {
			isa = PBXProject;
			attributes = {
				LastSwiftUpdateCheck = 0720;
				LastUpgradeCheck = 0720;
				ORGANIZATIONNAME = "Lukas A. Mueller";
				TargetAttributes = {
					4F1C5FF71C8AF03F00902DC8 = {
						CreatedOnToolsVersion = 7.2;
						DevelopmentTeam = R5L6T8V57V;
					};
				};
			};
			buildConfigurationList = 4F1C5FF31C8AF03F00902DC8 /* Build configuration list for PBXProject "BeeStats" */;
			compatibilityVersion = "Xcode 3.2";
			developmentRegion = English;
			hasScannedForEncodings = 0;
			knownRegions = (
				en,
				Base,
			);
			mainGroup = 4F1C5FEF1C8AF03F00902DC8;
			productRefGroup = 4F1C5FF91C8AF03F00902DC8 /* Products */;
			projectDirPath = "";
			projectRoot = "";
			targets = (
				4F1C5FF71C8AF03F00902DC8 /* BeeStats */,
			);
		};
/* End PBXProject section */

/* Begin PBXResourcesBuildPhase section */
		4F1C5FF61C8AF03F00902DC8 /* Resources */ = {
			isa = PBXResourcesBuildPhase;
			buildActionMask = 2147483647;
			files = (
				4FA0CEBE1C8C4D3500D1AD59 /* UFL.txt in Resources */,
				4FA0CEBA1C8C4D3500D1AD59 /* Ubuntu-LightItalic.ttf in Resources */,
				4FA0CEB81C8C4D3500D1AD59 /* Ubuntu-Italic.ttf in Resources */,
				4FA0CEB91C8C4D3500D1AD59 /* Ubuntu-Light.ttf in Resources */,
				4FA0CEBD1C8C4D3500D1AD59 /* Ubuntu-Regular.ttf in Resources */,
				4F1C60061C8AF03F00902DC8 /* LaunchScreen.storyboard in Resources */,
				4F1C60031C8AF03F00902DC8 /* Assets.xcassets in Resources */,
				4F1C60011C8AF03F00902DC8 /* Main.storyboard in Resources */,
			);
			runOnlyForDeploymentPostprocessing = 0;
		};
/* End PBXResourcesBuildPhase section */

/* Begin PBXSourcesBuildPhase section */
		4F1C5FF41C8AF03F00902DC8 /* Sources */ = {
			isa = PBXSourcesBuildPhase;
			buildActionMask = 2147483647;
			files = (
				4FE633F01C8B02C4004A27E1 /* Favorites.swift in Sources */,
				4FE633E41C8B022F004A27E1 /* DownloadUserProfile.swift in Sources */,
				4FA0CEAB1C8C254B00D1AD59 /* oneStatTableViewCell.swift in Sources */,
				4FE633E61C8B0245004A27E1 /* DownloadAdditional.swift in Sources */,
				4F8702961C8DF64C00DDA59F /* Additional.swift in Sources */,
				4FE633E81C8B0259004A27E1 /* Network.swift in Sources */,
				4F1C5FFE1C8AF03F00902DC8 /* ProfileViewController.swift in Sources */,
				4FE633EC1C8B02A1004A27E1 /* Player.swift in Sources */,
				4FE633F31C8B032D004A27E1 /* FavoritePlayerTableViewCell.swift in Sources */,
				4F1C5FFC1C8AF03F00902DC8 /* AppDelegate.swift in Sources */,
				4FE633E11C8AFF9D004A27E1 /* MasterViewController.swift in Sources */,
			);
			runOnlyForDeploymentPostprocessing = 0;
		};
/* End PBXSourcesBuildPhase section */

/* Begin PBXVariantGroup section */
		4F1C5FFF1C8AF03F00902DC8 /* Main.storyboard */ = {
			isa = PBXVariantGroup;
			children = (
				4F1C60001C8AF03F00902DC8 /* Base */,
			);
			name = Main.storyboard;
			sourceTree = "<group>";
		};
		4F1C60041C8AF03F00902DC8 /* LaunchScreen.storyboard */ = {
			isa = PBXVariantGroup;
			children = (
				4F1C60051C8AF03F00902DC8 /* Base */,
			);
			name = LaunchScreen.storyboard;
			sourceTree = "<group>";
		};
/* End PBXVariantGroup section */

/* Begin XCBuildConfiguration section */
		4F1C60081C8AF03F00902DC8 /* Debug */ = {
			isa = XCBuildConfiguration;
			buildSettings = {
				ALWAYS_SEARCH_USER_PATHS = NO;
				CLANG_CXX_LANGUAGE_STANDARD = "gnu++0x";
				CLANG_CXX_LIBRARY = "libc++";
				CLANG_ENABLE_MODULES = YES;
				CLANG_ENABLE_OBJC_ARC = YES;
				CLANG_WARN_BOOL_CONVERSION = YES;
				CLANG_WARN_CONSTANT_CONVERSION = YES;
				CLANG_WARN_DIRECT_OBJC_ISA_USAGE = YES_ERROR;
				CLANG_WARN_EMPTY_BODY = YES;
				CLANG_WARN_ENUM_CONVERSION = YES;
				CLANG_WARN_INT_CONVERSION = YES;
				CLANG_WARN_OBJC_ROOT_CLASS = YES_ERROR;
				CLANG_WARN_UNREACHABLE_CODE = YES;
				CLANG_WARN__DUPLICATE_METHOD_MATCH = YES;
				"CODE_SIGN_IDENTITY[sdk=iphoneos*]" = "iPhone Developer";
				COPY_PHASE_STRIP = NO;
				DEBUG_INFORMATION_FORMAT = dwarf;
				ENABLE_STRICT_OBJC_MSGSEND = YES;
				ENABLE_TESTABILITY = YES;
				GCC_C_LANGUAGE_STANDARD = gnu99;
				GCC_DYNAMIC_NO_PIC = NO;
				GCC_NO_COMMON_BLOCKS = YES;
				GCC_OPTIMIZATION_LEVEL = 0;
				GCC_PREPROCESSOR_DEFINITIONS = (
					"DEBUG=1",
					"$(inherited)",
				);
				GCC_WARN_64_TO_32_BIT_CONVERSION = YES;
				GCC_WARN_ABOUT_RETURN_TYPE = YES_ERROR;
				GCC_WARN_UNDECLARED_SELECTOR = YES;
				GCC_WARN_UNINITIALIZED_AUTOS = YES_AGGRESSIVE;
				GCC_WARN_UNUSED_FUNCTION = YES;
				GCC_WARN_UNUSED_VARIABLE = YES;
				IPHONEOS_DEPLOYMENT_TARGET = 9.2;
				MTL_ENABLE_DEBUG_INFO = YES;
				ONLY_ACTIVE_ARCH = YES;
				SDKROOT = iphoneos;
				SWIFT_OPTIMIZATION_LEVEL = "-Onone";
			};
			name = Debug;
		};
		4F1C60091C8AF03F00902DC8 /* Release */ = {
			isa = XCBuildConfiguration;
			buildSettings = {
				ALWAYS_SEARCH_USER_PATHS = NO;
				CLANG_CXX_LANGUAGE_STANDARD = "gnu++0x";
				CLANG_CXX_LIBRARY = "libc++";
				CLANG_ENABLE_MODULES = YES;
				CLANG_ENABLE_OBJC_ARC = YES;
				CLANG_WARN_BOOL_CONVERSION = YES;
				CLANG_WARN_CONSTANT_CONVERSION = YES;
				CLANG_WARN_DIRECT_OBJC_ISA_USAGE = YES_ERROR;
				CLANG_WARN_EMPTY_BODY = YES;
				CLANG_WARN_ENUM_CONVERSION = YES;
				CLANG_WARN_INT_CONVERSION = YES;
				CLANG_WARN_OBJC_ROOT_CLASS = YES_ERROR;
				CLANG_WARN_UNREACHABLE_CODE = YES;
				CLANG_WARN__DUPLICATE_METHOD_MATCH = YES;
				"CODE_SIGN_IDENTITY[sdk=iphoneos*]" = "iPhone Developer";
				COPY_PHASE_STRIP = NO;
				DEBUG_INFORMATION_FORMAT = "dwarf-with-dsym";
				ENABLE_NS_ASSERTIONS = NO;
				ENABLE_STRICT_OBJC_MSGSEND = YES;
				GCC_C_LANGUAGE_STANDARD = gnu99;
				GCC_NO_COMMON_BLOCKS = YES;
				GCC_WARN_64_TO_32_BIT_CONVERSION = YES;
				GCC_WARN_ABOUT_RETURN_TYPE = YES_ERROR;
				GCC_WARN_UNDECLARED_SELECTOR = YES;
				GCC_WARN_UNINITIALIZED_AUTOS = YES_AGGRESSIVE;
				GCC_WARN_UNUSED_FUNCTION = YES;
				GCC_WARN_UNUSED_VARIABLE = YES;
				IPHONEOS_DEPLOYMENT_TARGET = 9.2;
				MTL_ENABLE_DEBUG_INFO = NO;
				SDKROOT = iphoneos;
				VALIDATE_PRODUCT = YES;
			};
			name = Release;
		};
		4F1C600B1C8AF03F00902DC8 /* Debug */ = {
			isa = XCBuildConfiguration;
			buildSettings = {
				ASSETCATALOG_COMPILER_APPICON_NAME = AppIcon;
				CODE_SIGN_IDENTITY = "iPhone Developer";
				INFOPLIST_FILE = BeeStats/Info.plist;
				LD_RUNPATH_SEARCH_PATHS = "$(inherited) @executable_path/Frameworks";
				PRODUCT_BUNDLE_IDENTIFIER = com.lukasam.BeeStats;
				PRODUCT_NAME = "$(TARGET_NAME)";
			};
			name = Debug;
		};
		4F1C600C1C8AF03F00902DC8 /* Release */ = {
			isa = XCBuildConfiguration;
			buildSettings = {
				ASSETCATALOG_COMPILER_APPICON_NAME = AppIcon;
				CODE_SIGN_IDENTITY = "iPhone Developer";
				INFOPLIST_FILE = BeeStats/Info.plist;
				LD_RUNPATH_SEARCH_PATHS = "$(inherited) @executable_path/Frameworks";
				PRODUCT_BUNDLE_IDENTIFIER = com.lukasam.BeeStats;
				PRODUCT_NAME = "$(TARGET_NAME)";
			};
			name = Release;
		};
/* End XCBuildConfiguration section */

/* Begin XCConfigurationList section */
		4F1C5FF31C8AF03F00902DC8 /* Build configuration list for PBXProject "BeeStats" */ = {
			isa = XCConfigurationList;
			buildConfigurations = (
				4F1C60081C8AF03F00902DC8 /* Debug */,
				4F1C60091C8AF03F00902DC8 /* Release */,
			);
			defaultConfigurationIsVisible = 0;
			defaultConfigurationName = Release;
		};
		4F1C600A1C8AF03F00902DC8 /* Build configuration list for PBXNativeTarget "BeeStats" */ = {
			isa = XCConfigurationList;
			buildConfigurations = (
				4F1C600B1C8AF03F00902DC8 /* Debug */,
				4F1C600C1C8AF03F00902DC8 /* Release */,
			);
			defaultConfigurationIsVisible = 0;
			defaultConfigurationName = Release;
		};
/* End XCConfigurationList section */
	};
	rootObject = 4F1C5FF01C8AF03F00902DC8 /* Project object */;
}
